
Microsoft Visual Studio Solution File, Format Version 12.00
# Visual Studio Version 17
VisualStudioVersion = 17.11.35303.130
MinimumVisualStudioVersion = 10.0.40219.1
Project("{FAE04EC0-301F-11D3-BF4B-00C04F79EFBC}") = "ооп лр1", "ооп лр1\ооп лр1.csproj", "{41BD7ED5-60B8-49DA-BA5A-EF8F4CB50742}"
EndProject
Global
	GlobalSection(SolutionConfigurationPlatforms) = preSolution
		Debug|Any CPU = Debug|Any CPU
		Release|Any CPU = Release|Any CPU
	EndGlobalSection
	GlobalSection(ProjectConfigurationPlatforms) = postSolution
		{41BD7ED5-60B8-49DA-BA5A-EF8F4CB50742}.Debug|Any CPU.ActiveCfg = Debug|Any CPU
		{41BD7ED5-60B8-49DA-BA5A-EF8F4CB50742}.Debug|Any CPU.Build.0 = Debug|Any CPU
		{41BD7ED5-60B8-49DA-BA5A-EF8F4CB50742}.Release|Any CPU.ActiveCfg = Release|Any CPU
		{41BD7ED5-60B8-49DA-BA5A-EF8F4CB50742}.Release|Any CPU.Build.0 = Release|Any CPU
	EndGlobalSection
	GlobalSection(SolutionProperties) = preSolution
		HideSolutionNode = FALSE
	EndGlobalSection
	GlobalSection(ExtensibilityGlobals) = postSolution
		SolutionGuid = {CDA1DDB3-CFAA-47FC-A339-1B128A2CE7D7}
	EndGlobalSection
EndGlobal
